
Microsoft Visual Studio Solution File, Format Version 12.00
# Visual Studio 15
VisualStudioVersion = 15.0.26124.0
MinimumVisualStudioVersion = 15.0.26124.0
Project("{2150E333-8FDC-42A3-9474-1A3956D46DE8}") = "src", "src", "{E32A811D-6074-4DF1-BF59-729B31A5E81B}"
EndProject
Project("{FAE04EC0-301F-11D3-BF4B-00C04F79EFBC}") = "Banico.Data", "src\Banico.Data\Banico.Data.csproj", "{F5C3CB5C-D79A-4A66-AD56-6FB4496AEAD3}"
EndProject
Project("{FAE04EC0-301F-11D3-BF4B-00C04F79EFBC}") = "Banico.Services", "src\Banico.Services\Banico.Services.csproj", "{E7ADB83A-EA87-454F-B18C-6631F177ED6B}"
EndProject
Project("{FAE04EC0-301F-11D3-BF4B-00C04F79EFBC}") = "Banico.Web", "src\Banico.Web\Banico.Web.csproj", "{1C71328D-6B70-4351-A5C5-9B544E4B8C40}"
EndProject
Global
	GlobalSection(SolutionConfigurationPlatforms) = preSolution
		Debug|Any CPU = Debug|Any CPU
		Debug|x64 = Debug|x64
		Debug|x86 = Debug|x86
		Release|Any CPU = Release|Any CPU
		Release|x64 = Release|x64
		Release|x86 = Release|x86
	EndGlobalSection
	GlobalSection(SolutionProperties) = preSolution
		HideSolutionNode = FALSE
	EndGlobalSection
	GlobalSection(ProjectConfigurationPlatforms) = postSolution
		{F5C3CB5C-D79A-4A66-AD56-6FB4496AEAD3}.Debug|Any CPU.ActiveCfg = Debug|Any CPU
		{F5C3CB5C-D79A-4A66-AD56-6FB4496AEAD3}.Debug|Any CPU.Build.0 = Debug|Any CPU
		{F5C3CB5C-D79A-4A66-AD56-6FB4496AEAD3}.Debug|x64.ActiveCfg = Debug|x64
		{F5C3CB5C-D79A-4A66-AD56-6FB4496AEAD3}.Debug|x64.Build.0 = Debug|x64
		{F5C3CB5C-D79A-4A66-AD56-6FB4496AEAD3}.Debug|x86.ActiveCfg = Debug|x86
		{F5C3CB5C-D79A-4A66-AD56-6FB4496AEAD3}.Debug|x86.Build.0 = Debug|x86
		{F5C3CB5C-D79A-4A66-AD56-6FB4496AEAD3}.Release|Any CPU.ActiveCfg = Release|Any CPU
		{F5C3CB5C-D79A-4A66-AD56-6FB4496AEAD3}.Release|Any CPU.Build.0 = Release|Any CPU
		{F5C3CB5C-D79A-4A66-AD56-6FB4496AEAD3}.Release|x64.ActiveCfg = Release|x64
		{F5C3CB5C-D79A-4A66-AD56-6FB4496AEAD3}.Release|x64.Build.0 = Release|x64
		{F5C3CB5C-D79A-4A66-AD56-6FB4496AEAD3}.Release|x86.ActiveCfg = Release|x86
		{F5C3CB5C-D79A-4A66-AD56-6FB4496AEAD3}.Release|x86.Build.0 = Release|x86
		{E7ADB83A-EA87-454F-B18C-6631F177ED6B}.Debug|Any CPU.ActiveCfg = Debug|Any CPU
		{E7ADB83A-EA87-454F-B18C-6631F177ED6B}.Debug|Any CPU.Build.0 = Debug|Any CPU
		{E7ADB83A-EA87-454F-B18C-6631F177ED6B}.Debug|x64.ActiveCfg = Debug|x64
		{E7ADB83A-EA87-454F-B18C-6631F177ED6B}.Debug|x64.Build.0 = Debug|x64
		{E7ADB83A-EA87-454F-B18C-6631F177ED6B}.Debug|x86.ActiveCfg = Debug|x86
		{E7ADB83A-EA87-454F-B18C-6631F177ED6B}.Debug|x86.Build.0 = Debug|x86
		{E7ADB83A-EA87-454F-B18C-6631F177ED6B}.Release|Any CPU.ActiveCfg = Release|Any CPU
		{E7ADB83A-EA87-454F-B18C-6631F177ED6B}.Release|Any CPU.Build.0 = Release|Any CPU
		{E7ADB83A-EA87-454F-B18C-6631F177ED6B}.Release|x64.ActiveCfg = Release|x64
		{E7ADB83A-EA87-454F-B18C-6631F177ED6B}.Release|x64.Build.0 = Release|x64
		{E7ADB83A-EA87-454F-B18C-6631F177ED6B}.Release|x86.ActiveCfg = Release|x86
		{E7ADB83A-EA87-454F-B18C-6631F177ED6B}.Release|x86.Build.0 = Release|x86
		{1C71328D-6B70-4351-A5C5-9B544E4B8C40}.Debug|Any CPU.ActiveCfg = Debug|Any CPU
		{1C71328D-6B70-4351-A5C5-9B544E4B8C40}.Debug|Any CPU.Build.0 = Debug|Any CPU
		{1C71328D-6B70-4351-A5C5-9B544E4B8C40}.Debug|x64.ActiveCfg = Debug|x64
		{1C71328D-6B70-4351-A5C5-9B544E4B8C40}.Debug|x64.Build.0 = Debug|x64
		{1C71328D-6B70-4351-A5C5-9B544E4B8C40}.Debug|x86.ActiveCfg = Debug|x86
		{1C71328D-6B70-4351-A5C5-9B544E4B8C40}.Debug|x86.Build.0 = Debug|x86
		{1C71328D-6B70-4351-A5C5-9B544E4B8C40}.Release|Any CPU.ActiveCfg = Release|Any CPU
		{1C71328D-6B70-4351-A5C5-9B544E4B8C40}.Release|Any CPU.Build.0 = Release|Any CPU
		{1C71328D-6B70-4351-A5C5-9B544E4B8C40}.Release|x64.ActiveCfg = Release|x64
		{1C71328D-6B70-4351-A5C5-9B544E4B8C40}.Release|x64.Build.0 = Release|x64
		{1C71328D-6B70-4351-A5C5-9B544E4B8C40}.Release|x86.ActiveCfg = Release|x86
		{1C71328D-6B70-4351-A5C5-9B544E4B8C40}.Release|x86.Build.0 = Release|x86
		{8A56F0E6-C556-4742-8519-3B4A61815824}.Debug|Any CPU.ActiveCfg = Debug|Any CPU
		{8A56F0E6-C556-4742-8519-3B4A61815824}.Debug|Any CPU.Build.0 = Debug|Any CPU
		{8A56F0E6-C556-4742-8519-3B4A61815824}.Debug|x64.ActiveCfg = Debug|x64
		{8A56F0E6-C556-4742-8519-3B4A61815824}.Debug|x64.Build.0 = Debug|x64
		{8A56F0E6-C556-4742-8519-3B4A61815824}.Debug|x86.ActiveCfg = Debug|x86
		{8A56F0E6-C556-4742-8519-3B4A61815824}.Debug|x86.Build.0 = Debug|x86
		{8A56F0E6-C556-4742-8519-3B4A61815824}.Release|Any CPU.ActiveCfg = Release|Any CPU
		{8A56F0E6-C556-4742-8519-3B4A61815824}.Release|Any CPU.Build.0 = Release|Any CPU
		{8A56F0E6-C556-4742-8519-3B4A61815824}.Release|x64.ActiveCfg = Release|x64
		{8A56F0E6-C556-4742-8519-3B4A61815824}.Release|x64.Build.0 = Release|x64
		{8A56F0E6-C556-4742-8519-3B4A61815824}.Release|x86.ActiveCfg = Release|x86
		{8A56F0E6-C556-4742-8519-3B4A61815824}.Release|x86.Build.0 = Release|x86
		{9621756E-E172-4544-A1E3-633534D80AA0}.Debug|Any CPU.ActiveCfg = Debug|Any CPU
		{9621756E-E172-4544-A1E3-633534D80AA0}.Debug|Any CPU.Build.0 = Debug|Any CPU
		{9621756E-E172-4544-A1E3-633534D80AA0}.Debug|x64.ActiveCfg = Debug|x64
		{9621756E-E172-4544-A1E3-633534D80AA0}.Debug|x64.Build.0 = Debug|x64
		{9621756E-E172-4544-A1E3-633534D80AA0}.Debug|x86.ActiveCfg = Debug|x86
		{9621756E-E172-4544-A1E3-633534D80AA0}.Debug|x86.Build.0 = Debug|x86
		{9621756E-E172-4544-A1E3-633534D80AA0}.Release|Any CPU.ActiveCfg = Release|Any CPU
		{9621756E-E172-4544-A1E3-633534D80AA0}.Release|Any CPU.Build.0 = Release|Any CPU
		{9621756E-E172-4544-A1E3-633534D80AA0}.Release|x64.ActiveCfg = Release|x64
		{9621756E-E172-4544-A1E3-633534D80AA0}.Release|x64.Build.0 = Release|x64
		{9621756E-E172-4544-A1E3-633534D80AA0}.Release|x86.ActiveCfg = Release|x86
		{9621756E-E172-4544-A1E3-633534D80AA0}.Release|x86.Build.0 = Release|x86
		{46AFA686-B2C8-46F9-91AA-42F78E81D24B}.Debug|Any CPU.ActiveCfg = Debug|Any CPU
		{46AFA686-B2C8-46F9-91AA-42F78E81D24B}.Debug|Any CPU.Build.0 = Debug|Any CPU
		{46AFA686-B2C8-46F9-91AA-42F78E81D24B}.Debug|x64.ActiveCfg = Debug|x64
		{46AFA686-B2C8-46F9-91AA-42F78E81D24B}.Debug|x64.Build.0 = Debug|x64
		{46AFA686-B2C8-46F9-91AA-42F78E81D24B}.Debug|x86.ActiveCfg = Debug|x86
		{46AFA686-B2C8-46F9-91AA-42F78E81D24B}.Debug|x86.Build.0 = Debug|x86
		{46AFA686-B2C8-46F9-91AA-42F78E81D24B}.Release|Any CPU.ActiveCfg = Release|Any CPU
		{46AFA686-B2C8-46F9-91AA-42F78E81D24B}.Release|Any CPU.Build.0 = Release|Any CPU
		{46AFA686-B2C8-46F9-91AA-42F78E81D24B}.Release|x64.ActiveCfg = Release|x64
		{46AFA686-B2C8-46F9-91AA-42F78E81D24B}.Release|x64.Build.0 = Release|x64
		{46AFA686-B2C8-46F9-91AA-42F78E81D24B}.Release|x86.ActiveCfg = Release|x86
		{46AFA686-B2C8-46F9-91AA-42F78E81D24B}.Release|x86.Build.0 = Release|x86
		{C83B9355-848C-4117-96EE-DDB573046853}.Debug|Any CPU.ActiveCfg = Debug|Any CPU
		{C83B9355-848C-4117-96EE-DDB573046853}.Debug|Any CPU.Build.0 = Debug|Any CPU
		{C83B9355-848C-4117-96EE-DDB573046853}.Debug|x64.ActiveCfg = Debug|x64
		{C83B9355-848C-4117-96EE-DDB573046853}.Debug|x64.Build.0 = Debug|x64
		{C83B9355-848C-4117-96EE-DDB573046853}.Debug|x86.ActiveCfg = Debug|x86
		{C83B9355-848C-4117-96EE-DDB573046853}.Debug|x86.Build.0 = Debug|x86
		{C83B9355-848C-4117-96EE-DDB573046853}.Release|Any CPU.ActiveCfg = Release|Any CPU
		{C83B9355-848C-4117-96EE-DDB573046853}.Release|Any CPU.Build.0 = Release|Any CPU
		{C83B9355-848C-4117-96EE-DDB573046853}.Release|x64.ActiveCfg = Release|x64
		{C83B9355-848C-4117-96EE-DDB573046853}.Release|x64.Build.0 = Release|x64
		{C83B9355-848C-4117-96EE-DDB573046853}.Release|x86.ActiveCfg = Release|x86
		{C83B9355-848C-4117-96EE-DDB573046853}.Release|x86.Build.0 = Release|x86
		{7AFAE02A-9CBA-4BA0-9854-C85BC80F72C7}.Debug|Any CPU.ActiveCfg = Debug|Any CPU
		{7AFAE02A-9CBA-4BA0-9854-C85BC80F72C7}.Debug|Any CPU.Build.0 = Debug|Any CPU
		{7AFAE02A-9CBA-4BA0-9854-C85BC80F72C7}.Debug|x64.ActiveCfg = Debug|x64
		{7AFAE02A-9CBA-4BA0-9854-C85BC80F72C7}.Debug|x64.Build.0 = Debug|x64
		{7AFAE02A-9CBA-4BA0-9854-C85BC80F72C7}.Debug|x86.ActiveCfg = Debug|x86
		{7AFAE02A-9CBA-4BA0-9854-C85BC80F72C7}.Debug|x86.Build.0 = Debug|x86
		{7AFAE02A-9CBA-4BA0-9854-C85BC80F72C7}.Release|Any CPU.ActiveCfg = Release|Any CPU
		{7AFAE02A-9CBA-4BA0-9854-C85BC80F72C7}.Release|Any CPU.Build.0 = Release|Any CPU
		{7AFAE02A-9CBA-4BA0-9854-C85BC80F72C7}.Release|x64.ActiveCfg = Release|x64
		{7AFAE02A-9CBA-4BA0-9854-C85BC80F72C7}.Release|x64.Build.0 = Release|x64
		{7AFAE02A-9CBA-4BA0-9854-C85BC80F72C7}.Release|x86.ActiveCfg = Release|x86
		{7AFAE02A-9CBA-4BA0-9854-C85BC80F72C7}.Release|x86.Build.0 = Release|x86
		{F656D213-C2BB-488B-9DFB-CAB5B6EAAA4E}.Debug|Any CPU.ActiveCfg = Debug|Any CPU
		{F656D213-C2BB-488B-9DFB-CAB5B6EAAA4E}.Debug|Any CPU.Build.0 = Debug|Any CPU
		{F656D213-C2BB-488B-9DFB-CAB5B6EAAA4E}.Debug|x64.ActiveCfg = Debug|x64
		{F656D213-C2BB-488B-9DFB-CAB5B6EAAA4E}.Debug|x64.Build.0 = Debug|x64
		{F656D213-C2BB-488B-9DFB-CAB5B6EAAA4E}.Debug|x86.ActiveCfg = Debug|x86
		{F656D213-C2BB-488B-9DFB-CAB5B6EAAA4E}.Debug|x86.Build.0 = Debug|x86
		{F656D213-C2BB-488B-9DFB-CAB5B6EAAA4E}.Release|Any CPU.ActiveCfg = Release|Any CPU
		{F656D213-C2BB-488B-9DFB-CAB5B6EAAA4E}.Release|Any CPU.Build.0 = Release|Any CPU
		{F656D213-C2BB-488B-9DFB-CAB5B6EAAA4E}.Release|x64.ActiveCfg = Release|x64
		{F656D213-C2BB-488B-9DFB-CAB5B6EAAA4E}.Release|x64.Build.0 = Release|x64
		{F656D213-C2BB-488B-9DFB-CAB5B6EAAA4E}.Release|x86.ActiveCfg = Release|x86
		{F656D213-C2BB-488B-9DFB-CAB5B6EAAA4E}.Release|x86.Build.0 = Release|x86
		{57B87ADB-3256-4368-8FA0-0A54EF1340E6}.Debug|Any CPU.ActiveCfg = Debug|Any CPU
		{57B87ADB-3256-4368-8FA0-0A54EF1340E6}.Debug|Any CPU.Build.0 = Debug|Any CPU
		{57B87ADB-3256-4368-8FA0-0A54EF1340E6}.Debug|x64.ActiveCfg = Debug|x64
		{57B87ADB-3256-4368-8FA0-0A54EF1340E6}.Debug|x64.Build.0 = Debug|x64
		{57B87ADB-3256-4368-8FA0-0A54EF1340E6}.Debug|x86.ActiveCfg = Debug|x86
		{57B87ADB-3256-4368-8FA0-0A54EF1340E6}.Debug|x86.Build.0 = Debug|x86
		{57B87ADB-3256-4368-8FA0-0A54EF1340E6}.Release|Any CPU.ActiveCfg = Release|Any CPU
		{57B87ADB-3256-4368-8FA0-0A54EF1340E6}.Release|Any CPU.Build.0 = Release|Any CPU
		{57B87ADB-3256-4368-8FA0-0A54EF1340E6}.Release|x64.ActiveCfg = Release|x64
		{57B87ADB-3256-4368-8FA0-0A54EF1340E6}.Release|x64.Build.0 = Release|x64
		{57B87ADB-3256-4368-8FA0-0A54EF1340E6}.Release|x86.ActiveCfg = Release|x86
		{57B87ADB-3256-4368-8FA0-0A54EF1340E6}.Release|x86.Build.0 = Release|x86
	EndGlobalSection
	GlobalSection(NestedProjects) = preSolution
		{F5C3CB5C-D79A-4A66-AD56-6FB4496AEAD3} = {E32A811D-6074-4DF1-BF59-729B31A5E81B}
		{E7ADB83A-EA87-454F-B18C-6631F177ED6B} = {E32A811D-6074-4DF1-BF59-729B31A5E81B}
		{1C71328D-6B70-4351-A5C5-9B544E4B8C40} = {E32A811D-6074-4DF1-BF59-729B31A5E81B}
		{830F2791-CE43-415B-A834-518F0BA9BE74} = {E32A811D-6074-4DF1-BF59-729B31A5E81B}
		{8A56F0E6-C556-4742-8519-3B4A61815824} = {830F2791-CE43-415B-A834-518F0BA9BE74}
		{9621756E-E172-4544-A1E3-633534D80AA0} = {830F2791-CE43-415B-A834-518F0BA9BE74}
		{46AFA686-B2C8-46F9-91AA-42F78E81D24B} = {830F2791-CE43-415B-A834-518F0BA9BE74}
		{C83B9355-848C-4117-96EE-DDB573046853} = {830F2791-CE43-415B-A834-518F0BA9BE74}
		{7AFAE02A-9CBA-4BA0-9854-C85BC80F72C7} = {830F2791-CE43-415B-A834-518F0BA9BE74}
		{F656D213-C2BB-488B-9DFB-CAB5B6EAAA4E} = {830F2791-CE43-415B-A834-518F0BA9BE74}
		{57B87ADB-3256-4368-8FA0-0A54EF1340E6} = {830F2791-CE43-415B-A834-518F0BA9BE74}
	EndGlobalSection
EndGlobal
